{
  "name": "chets",
  "lockfileVersion": 3,
  "requires": true,
  "packages": {
    "": {
      "dependencies": {
        "@hcaptcha/vanilla-hcaptcha": "^1.1.0-alpha2"
      }
    },
    "node_modules/@hcaptcha/vanilla-hcaptcha": {
      "version": "1.1.0-alpha2",
      "resolved": "https://registry.npmjs.org/@hcaptcha/vanilla-hcaptcha/-/vanilla-hcaptcha-1.1.0-alpha2.tgz",
      "integrity": "sha512-8yU9jWPNa4RlSolPIGHgeRAlmMPDe1G37kGh199NeStQzj6xydFvd9RpNsQH0ATCfUWTP8smwPO9L/auohtCLw==",
      "license": "MIT"
    }
  }
}
